
Microsoft Visual Studio Solution File, Format Version 12.00
# Visual Studio 15
VisualStudioVersion = 15.0.26124.0
MinimumVisualStudioVersion = 15.0.26124.0
Project("{2150E333-8FDC-42A3-9474-1A3956D46DE8}") = "src", "src", "{2442A9BF-1A0C-42B6-B265-0C1AE386DE52}"
EndProject
Project("{FAE04EC0-301F-11D3-BF4B-00C04F79EFBC}") = "VotingApp.Lib", "src\VotingApp.Lib\VotingApp.Lib.csproj", "{FC0C38BE-5E00-4068-94A0-E417C7A11FF1}"
EndProject
Project("{2150E333-8FDC-42A3-9474-1A3956D46DE8}") = "test", "test", "{1F09705E-7747-4C43-A167-D59EE8F46D60}"
EndProject
Project("{FAE04EC0-301F-11D3-BF4B-00C04F79EFBC}") = "VotingApp.Tests", "test\VotingApp.Tests\VotingApp.Tests.csproj", "{88EC19A5-DCCC-4051-9463-88CD07C0D158}"
EndProject
Global
	GlobalSection(SolutionConfigurationPlatforms) = preSolution
		Debug|Any CPU = Debug|Any CPU
		Debug|x64 = Debug|x64
		Debug|x86 = Debug|x86
		Release|Any CPU = Release|Any CPU
		Release|x64 = Release|x64
		Release|x86 = Release|x86
	EndGlobalSection
	GlobalSection(SolutionProperties) = preSolution
		HideSolutionNode = FALSE
	EndGlobalSection
	GlobalSection(ProjectConfigurationPlatforms) = postSolution
		{FC0C38BE-5E00-4068-94A0-E417C7A11FF1}.Debug|Any CPU.ActiveCfg = Debug|Any CPU
		{FC0C38BE-5E00-4068-94A0-E417C7A11FF1}.Debug|Any CPU.Build.0 = Debug|Any CPU
		{FC0C38BE-5E00-4068-94A0-E417C7A11FF1}.Debug|x64.ActiveCfg = Debug|x64
		{FC0C38BE-5E00-4068-94A0-E417C7A11FF1}.Debug|x64.Build.0 = Debug|x64
		{FC0C38BE-5E00-4068-94A0-E417C7A11FF1}.Debug|x86.ActiveCfg = Debug|x86
		{FC0C38BE-5E00-4068-94A0-E417C7A11FF1}.Debug|x86.Build.0 = Debug|x86
		{FC0C38BE-5E00-4068-94A0-E417C7A11FF1}.Release|Any CPU.ActiveCfg = Release|Any CPU
		{FC0C38BE-5E00-4068-94A0-E417C7A11FF1}.Release|Any CPU.Build.0 = Release|Any CPU
		{FC0C38BE-5E00-4068-94A0-E417C7A11FF1}.Release|x64.ActiveCfg = Release|x64
		{FC0C38BE-5E00-4068-94A0-E417C7A11FF1}.Release|x64.Build.0 = Release|x64
		{FC0C38BE-5E00-4068-94A0-E417C7A11FF1}.Release|x86.ActiveCfg = Release|x86
		{FC0C38BE-5E00-4068-94A0-E417C7A11FF1}.Release|x86.Build.0 = Release|x86
		{88EC19A5-DCCC-4051-9463-88CD07C0D158}.Debug|Any CPU.ActiveCfg = Debug|Any CPU
		{88EC19A5-DCCC-4051-9463-88CD07C0D158}.Debug|Any CPU.Build.0 = Debug|Any CPU
		{88EC19A5-DCCC-4051-9463-88CD07C0D158}.Debug|x64.ActiveCfg = Debug|x64
		{88EC19A5-DCCC-4051-9463-88CD07C0D158}.Debug|x64.Build.0 = Debug|x64
		{88EC19A5-DCCC-4051-9463-88CD07C0D158}.Debug|x86.ActiveCfg = Debug|x86
		{88EC19A5-DCCC-4051-9463-88CD07C0D158}.Debug|x86.Build.0 = Debug|x86
		{88EC19A5-DCCC-4051-9463-88CD07C0D158}.Release|Any CPU.ActiveCfg = Release|Any CPU
		{88EC19A5-DCCC-4051-9463-88CD07C0D158}.Release|Any CPU.Build.0 = Release|Any CPU
		{88EC19A5-DCCC-4051-9463-88CD07C0D158}.Release|x64.ActiveCfg = Release|x64
		{88EC19A5-DCCC-4051-9463-88CD07C0D158}.Release|x64.Build.0 = Release|x64
		{88EC19A5-DCCC-4051-9463-88CD07C0D158}.Release|x86.ActiveCfg = Release|x86
		{88EC19A5-DCCC-4051-9463-88CD07C0D158}.Release|x86.Build.0 = Release|x86
	EndGlobalSection
	GlobalSection(NestedProjects) = preSolution
		{FC0C38BE-5E00-4068-94A0-E417C7A11FF1} = {2442A9BF-1A0C-42B6-B265-0C1AE386DE52}
		{88EC19A5-DCCC-4051-9463-88CD07C0D158} = {1F09705E-7747-4C43-A167-D59EE8F46D60}
	EndGlobalSection
EndGlobal
